github.com/BurntSushi/toml v0.3.1/go.mod h1:xHWCNGjB5oqiDr8zfno3MHue2Ht5sIBksp03qcyfWMU=
github.com/bnagy/gapstone v0.0.0-20180903222833-a85919f1441b/go.mod h1:d1o1fFyYsZmHPaDFsSrWMD1fwRqU/KMZiY0//gtBIdc=
github.com/chzyer/readline v0.0.0-20180603132655-2972be24d48e/go.mod h1:nSuG5e5PlCu98SY8svDHJxuZscDgtXS6KTTbou5AhLI=
github.com/coreos/go-systemd v0.0.0-20180507124335-65cc0ad82617/go.mod h1:F5haX7vjVVG0kc13fIWeqUViNPyEJxv/OmvnBo0Yme4=
github.com/gogo/protobuf v0.0.0-20180829064059-3cefc55c28cf/go.mod h1:r8qH/GZQm5c6nD/R0oafs1akxWv10x8SbQlK7atdtwQ=
github.com/google/flatbuffers v1.11.0 h1:O7CEyB8Cb3/DmtxODGtLHcEvpr81Jm5qLg/hsHnxA2A=
github.com/google/flatbuffers v1.11.0/go.mod h1:1AeVuKshWv4vARoZatz6mlQ0JxURH0Kv5+zNeJKJCa8=
github.com/google/uuid v1.0.0/go.mod h1:TIyPZe4MgqvfeYDBFedMoGGpEw/LqOeaOT+nhxU+yHo=
github.com/gorilla/handlers v1.2.1/go.mod h1:Qkdc/uu4tH4g6mTK6auzZ766c4CA0Ng8+o/OAirnOIQ=
github.com/gorilla/websocket v1.3.0/go.mod h1:E7qHFY5m1UJ88s3WnNqhKjPHQ0heANvMoAMk2YaljkQ=
github.com/mattn/go-sqlite3 v1.8.0/go.mod h1:FPy6KqzDD04eiIsT53CuJW3U88zkxoIYsOqkbpncsNc=
github.com/tsavola/confi v1.0.0/go.mod h1:G7+PsaQpny3mHb0Rde1f4c4fCWyhu4Y0+4XoXgeG62o=
github.com/tsavola/gate v0.0.0-20190916184916-6499fff9ffa7 h1:z2aaW9eEf7HaqfOdAM1sqzx47kWmhSBCeL2+XzVuD0E=
github.com/tsavola/gate v0.0.0-20190916184916-6499fff9ffa7/go.mod h1:3JpaLd/3n6xRf3mW/QkO0nyqHtcSZM1ZbV8Def8QAm4=
github.com/tsavola/listen v0.0.0-20190402175335-61229ef6a38c/go.mod h1:mvjKRkLD4rvc91gFN0bwazjw9lMm0JvJHnohO+OaXcU=
github.com/tsavola/wag v0.20.2 h1:KGQ3fkESsp5fItPio17/tS6K60R5BvRY0J+7H0ax+i0=
github.com/tsavola/wag v0.20.2/go.mod h1:Di1FKhgmB5TC1JKpl5mLNASOynmQF1a4SI77e3efAO8=
golang.org/x/crypto v0.0.0-20190308221718-c2843e01d9a2/go.mod h1:djNgcEr1/C05ACkg1iLfiJU5Ep61QUkGW8qpdssI0+w=
golang.org/x/crypto v0.0.0-20190618222545-ea8f1a30c443/go.mod h1:yigFU9vqHzYiE8UmvKecakEJjdnWj3jj499lnFckfCI=
golang.org/x/net v0.0.0-20190404232315-eb5bcb51f2a3/go.mod h1:t9HGtf8HONx5eT2rtn7q6eTqICYqUVnKs3thJo3Qplg=
golang.org/x/sys v0.0.0-20180606194553-9527bec2660b/go.mod h1:STP8DvDyc/dI5b8T5hshtkjS+E42TnysNCUPdjciGhY=
golang.org/x/sys v0.0.0-20190215142949-d0b11bdaac8a/go.mod h1:STP8DvDyc/dI5b8T5hshtkjS+E42TnysNCUPdjciGhY=
golang.org/x/sys v0.0.0-20190412213103-97732733099d h1:+R4KGOnez64A81RvjARKc4UT5/tI9ujCIVX+P5KiHuI=
golang.org/x/sys v0.0.0-20190412213103-97732733099d/go.mod h1:h1NjWce9XRLGQEsW7wpKNCjG9DtNlClVuFLEZdDNbEs=
golang.org/x/text v0.3.0/go.mod h1:NqM8EUOU14njkJ3fqMW+pc6Ldnwhi/IjpwHt7yyuwOQ=
golang.org/x/xerrors v0.0.0-20190717185122-a985d3407aa7/go.mod h1:I/5z698sn9Ka8TeJc9MKroUUfqBBauWjQqLJ2OPfmY0=
