github.com/bnagy/gapstone v0.0.0-20161027112443-43b870b35250/go.mod h1:d1o1fFyYsZmHPaDFsSrWMD1fwRqU/KMZiY0//gtBIdc=
github.com/chzyer/readline v0.0.0-20171208011716-f6d7a1f6fbf3/go.mod h1:nSuG5e5PlCu98SY8svDHJxuZscDgtXS6KTTbou5AhLI=
github.com/coreos/go-systemd v0.0.0-20180202092358-40e2722dffea/go.mod h1:F5haX7vjVVG0kc13fIWeqUViNPyEJxv/OmvnBo0Yme4=
github.com/gogo/protobuf v1.0.0/go.mod h1:r8qH/GZQm5c6nD/R0oafs1akxWv10x8SbQlK7atdtwQ=
github.com/gorilla/websocket v1.2.0/go.mod h1:E7qHFY5m1UJ88s3WnNqhKjPHQ0heANvMoAMk2YaljkQ=
github.com/tsavola/config v1.1.2 h1:r/yAyTgdUKDKJLP4aCvEJYSTQS3Mjeh1+BcjSRVfT28=
github.com/tsavola/config v1.1.2/go.mod h1:yg84WuzYxgXGxKMISRPVeSeT5UJdyaSVKJsp0od1TPY=
github.com/tsavola/contextack v1.0.1/go.mod h1:lChihOiBbJANid9Tq7B4Zx8hrFpSGKvL0td97RvWMiw=
github.com/tsavola/wag v0.3.0 h1:WFxuN7CxUiDAhjNOEPkWu57qRAKDbxxDdlAzjWee+II=
github.com/tsavola/wag v0.3.0/go.mod h1:YRjkFGGHirwagJB728if3wzybPyVVGmIFnB/abq4zUQ=
github.com/tsavola/wag v0.3.1 h1:gdr9FrK5KgfYndZSIop36b1wbKyAJ5RHcTuN7sZwdzI=
github.com/tsavola/wag v0.3.1/go.mod h1:YRjkFGGHirwagJB728if3wzybPyVVGmIFnB/abq4zUQ=
github.com/tsavola/wag v0.3.2 h1:MTpCIvgX/x4t/LnPQsF++o1fzIMhYPanoCpnSgpfG98=
github.com/tsavola/wag v0.3.2/go.mod h1:YRjkFGGHirwagJB728if3wzybPyVVGmIFnB/abq4zUQ=
golang.org/x/crypto v0.0.0-20180322175230-88942b9c40a4/go.mod h1:6SG95UA2DQfeDnfUPMdvaQW0Q7yPrPDi9nlGo2tz2b4=
golang.org/x/net v0.0.0-20180320002117-6078986fec03/go.mod h1:mL1N/T3taQHkDXs73rZJwtUhF3w3ftmwwsq0BUmARs4=
gopkg.in/check.v1 v0.0.0-20161208181325-20d25e280405/go.mod h1:Co6ibVJAznAaIkqp8huTwlJQCZ016jof/cbN4VW5Yz0=
gopkg.in/yaml.v2 v2.2.1 h1:mUhvW9EsL+naU5Q3cakzfE91YhliOondGd6ZrsDBHQE=
gopkg.in/yaml.v2 v2.2.1/go.mod h1:hI93XBmqTisBFMUTm0b8Fm+jr3Dg1NNxqwp+5A1VGuI=
