gate.computer v0.0.0-20250131054915-e694ff662681 h1:wqQsqrrrIhOLCsnNMhMXHsfWGJvFU6TDUqbs16po1yE=
gate.computer v0.0.0-20250131054915-e694ff662681/go.mod h1:DmIPJHnPxfsL1hIF+WY5NaTMJhrsm5GzMcZh+8+VIv0=
gate.computer/wag v0.36.1-0.20240923211841-04ccc6280731 h1:xx0J8J29wknJFMnIOyvkmjFnVFP20xWlM4qi1dqAAXg=
gate.computer/wag v0.36.1-0.20240923211841-04ccc6280731/go.mod h1:qRYLyqbTKqGPoHHLIjSIyfnjacB9nNHW+D2ByahP0cg=
github.com/coreos/go-systemd/v22 v22.5.0 h1:RrqgGjYQKalulkV8NGVIfkXQf6YYmOyiJKk8iXXhfZs=
github.com/coreos/go-systemd/v22 v22.5.0/go.mod h1:Y58oyj3AT4RCenI/lSvhwexgC+NSVTIJ3seZv2GcEnc=
github.com/godbus/dbus/v5 v5.0.4/go.mod h1:xhWf0FNVPg57R7Z0UbKHbJfkEywrmjJnf7w5xrFpKfA=
github.com/godbus/dbus/v5 v5.1.0 h1:4KLkAxT3aOY8Li4FRJe/KvhoNFFxo0m6fNuFUO8QJUk=
github.com/godbus/dbus/v5 v5.1.0/go.mod h1:xhWf0FNVPg57R7Z0UbKHbJfkEywrmjJnf7w5xrFpKfA=
github.com/google/flatbuffers v25.1.24+incompatible h1:4wPqL3K7GzBd1CwyhSd3usxLKOaJN/AC6puCca6Jm7o=
github.com/google/flatbuffers v25.1.24+incompatible/go.mod h1:1AeVuKshWv4vARoZatz6mlQ0JxURH0Kv5+zNeJKJCa8=
github.com/google/go-cmp v0.5.5 h1:Khx7svrCpmxxtHBq5j2mp/xVjsi8hQMfNLvJFAlrGgU=
github.com/google/go-cmp v0.5.5/go.mod h1:v8dTdLbMG2kIc/vJvl+f65V22dbkXbowE6jgT/gNBxE=
golang.org/x/sys v0.28.0 h1:Fksou7UEQUWlKvIdsqzJmUmCX3cZuD2+P3XyyzwMhlA=
golang.org/x/sys v0.28.0/go.mod h1:/VUhepiaJMQUp4+oa/7Zr1D23ma6VTLIYjOOTFZPUcA=
golang.org/x/xerrors v0.0.0-20191204190536-9bdfabe68543 h1:E7g+9GITq07hpfrRu66IVDexMakfv52eLZ2CXBWiKr4=
golang.org/x/xerrors v0.0.0-20191204190536-9bdfabe68543/go.mod h1:I/5z698sn9Ka8TeJc9MKroUUfqBBauWjQqLJ2OPfmY0=
google.golang.org/protobuf v1.36.1 h1:yBPeRvTftaleIgM3PZ/WBIZ7XM/eEYAaEyCwvyjq/gk=
google.golang.org/protobuf v1.36.1/go.mod h1:9fA7Ob0pmnwhb644+1+CVWFRbNajQ6iRojtC/QF5bRE=
import.name/lock v1.1.0 h1:ql4R9n1FHOxUO/JjaTi1gxS5rVL1wsOpZ852pnSA6Ls=
import.name/lock v1.1.0/go.mod h1:chFMnkYAbpIR3CwiWO4HDDNLsxLUYcW5B6NuXFQ8rp0=
import.name/type v1.0.0 h1:BVzwym9NTPSwlazSsGsFhZxzmL1WvUuFtp8jDfOg9wo=
import.name/type v1.0.0/go.mod h1:EaX0pjNdK+nB33MXG0HwWRlRqRVHYoKgrWkbmWgr5qY=
