gate.computer v0.0.0-20251020065250-5bad91ccb5ed h1:LTcQNzPlz62dU9ryp7SZPh8GzG6JwgMJ1FzRxLQB/zU=
gate.computer v0.0.0-20251020065250-5bad91ccb5ed/go.mod h1:fv6DSu8VtCxLjBJY9V2OJDky3bEZMQx+BocyVfp5T88=
gate.computer/wag v0.36.1-0.20250311023511-04b7ed9260b4 h1:S7HxbvlLPadIrF2B9pHaB+huJBp5xk7dQm9huOu8WmY=
gate.computer/wag v0.36.1-0.20250311023511-04b7ed9260b4/go.mod h1:w/igNX2Yq2ccmH9Zk7sjE1AOybiOAxzzZNmugAgZgDw=
github.com/coreos/go-systemd/v22 v22.6.0 h1:aGVa/v8B7hpb0TKl0MWoAavPDmHvobFe5R5zn0bCJWo=
github.com/coreos/go-systemd/v22 v22.6.0/go.mod h1:iG+pp635Fo7ZmV/j14KUcmEyWF+0X7Lua8rrTWzYgWU=
github.com/davecgh/go-spew v1.1.1 h1:vj9j/u1bqnvCEfJOwUhtlOARqs3+rkHYY13jYWTU97c=
github.com/davecgh/go-spew v1.1.1/go.mod h1:J7Y8YcW2NihsgmVo/mv3lAwl/skON4iLHjSsI+c5H38=
github.com/godbus/dbus/v5 v5.1.0 h1:4KLkAxT3aOY8Li4FRJe/KvhoNFFxo0m6fNuFUO8QJUk=
github.com/godbus/dbus/v5 v5.1.0/go.mod h1:xhWf0FNVPg57R7Z0UbKHbJfkEywrmjJnf7w5xrFpKfA=
github.com/google/flatbuffers v25.9.23+incompatible h1:rGZKv+wOb6QPzIdkM2KxhBZCDrA0DeN6DNmRDrqIsQU=
github.com/google/flatbuffers v25.9.23+incompatible/go.mod h1:1AeVuKshWv4vARoZatz6mlQ0JxURH0Kv5+zNeJKJCa8=
github.com/google/go-cmp v0.7.0 h1:wk8382ETsv4JYUZwIsn6YpYiWiBsYLSJiTsyBybVuN8=
github.com/google/go-cmp v0.7.0/go.mod h1:pXiqmnSA92OHEEa9HXL2W4E7lf9JzCmGVUdgjX3N/iU=
github.com/pmezard/go-difflib v1.0.0 h1:4DBwDE0NGyQoBHbLQYPwSUPoCMWR5BEzIk/f1lZbAQM=
github.com/pmezard/go-difflib v1.0.0/go.mod h1:iKH77koFhYxTK1pcRnkKkqfTogsbg7gZNVY4sRDYZ/4=
github.com/stretchr/testify v1.11.1 h1:7s2iGBzp5EwR7/aIZr8ao5+dra3wiQyKjjFuvgVKu7U=
github.com/stretchr/testify v1.11.1/go.mod h1:wZwfW3scLgRK+23gO65QZefKpKQRnfz6sD981Nm4B6U=
golang.org/x/sys v0.37.0 h1:fdNQudmxPjkdUTPnLn5mdQv7Zwvbvpaxqs831goi9kQ=
golang.org/x/sys v0.37.0/go.mod h1:OgkHotnGiDImocRcuBABYBEXf8A9a87e/uXjp9XT3ks=
google.golang.org/protobuf v1.36.10 h1:AYd7cD/uASjIL6Q9LiTjz8JLcrh/88q5UObnmY3aOOE=
google.golang.org/protobuf v1.36.10/go.mod h1:HTf+CrKn2C3g5S8VImy6tdcUvCska2kB7j23XfzDpco=
gopkg.in/check.v1 v0.0.0-20161208181325-20d25e280405 h1:yhCVgyC4o1eVCa2tZl7eS0r+SDo693bJlVdllGtEeKM=
gopkg.in/check.v1 v0.0.0-20161208181325-20d25e280405/go.mod h1:Co6ibVJAznAaIkqp8huTwlJQCZ016jof/cbN4VW5Yz0=
gopkg.in/yaml.v3 v3.0.1 h1:fxVm/GzAzEWqLHuvctI91KS9hhNmmWOoWu0XTYJS7CA=
gopkg.in/yaml.v3 v3.0.1/go.mod h1:K4uyk7z7BCEPqu6E+C64Yfv1cQ7kz7rIZviUmN+EgEM=
import.name/lock v1.1.0 h1:ql4R9n1FHOxUO/JjaTi1gxS5rVL1wsOpZ852pnSA6Ls=
import.name/lock v1.1.0/go.mod h1:chFMnkYAbpIR3CwiWO4HDDNLsxLUYcW5B6NuXFQ8rp0=
import.name/testing v0.1.0 h1:N2om5ryeeopt1GYHDMdtHnPlfX6kZEnbEILC1fd0BpM=
import.name/testing v0.1.0/go.mod h1:biTGjq/HSvYCsM2cxWgmjlSyq7w3+BDgEw/EgXP7Sgk=
import.name/type v1.0.0 h1:BVzwym9NTPSwlazSsGsFhZxzmL1WvUuFtp8jDfOg9wo=
import.name/type v1.0.0/go.mod h1:EaX0pjNdK+nB33MXG0HwWRlRqRVHYoKgrWkbmWgr5qY=
