gate.computer/wag v0.36.1-0.20240923211841-04ccc6280731 h1:xx0J8J29wknJFMnIOyvkmjFnVFP20xWlM4qi1dqAAXg=
gate.computer/wag v0.36.1-0.20240923211841-04ccc6280731/go.mod h1:qRYLyqbTKqGPoHHLIjSIyfnjacB9nNHW+D2ByahP0cg=
github.com/knightsc/gapstone v0.0.0-20211014144438-5e0e64002a6e h1:6J5obSn9umEThiYzWzndcPOZR0Qj/sVCZpH6V1G7yNE=
github.com/knightsc/gapstone v0.0.0-20211014144438-5e0e64002a6e/go.mod h1:1K5hEzsMBLTPdRJKEHqBFJ8Zt2VRqDhomcQ11KH0WW4=
golang.org/x/sys v0.28.0 h1:Fksou7UEQUWlKvIdsqzJmUmCX3cZuD2+P3XyyzwMhlA=
golang.org/x/sys v0.28.0/go.mod h1:/VUhepiaJMQUp4+oa/7Zr1D23ma6VTLIYjOOTFZPUcA=
import.name/pan v0.2.0 h1:wSKQfOXNKHhol1Hf3gyo6kmoAmFe0vp3Y0jsSpykPqQ=
import.name/pan v0.2.0/go.mod h1:jzAC3o4KYbMoLWPgtxfDXjtZxa+JikGUdbQGgaDqf7U=
